
Microsoft Visual Studio Solution File, Format Version 11.00
# Visual Studio 2010
Project("{FAE04EC0-301F-11D3-BF4B-00C04F79EFBC}") = "Cours_IVI_2019", "Assembly-CSharp.csproj", "{AD3877A5-8CC7-2528-A693-B182AFD55565}"
EndProject
Global
	GlobalSection(SolutionConfigurationPlatforms) = preSolution
		Debug|Any CPU = Debug|Any CPU
		Release|Any CPU = Release|Any CPU
	EndGlobalSection
	GlobalSection(ProjectConfigurationPlatforms) = postSolution
		{AD3877A5-8CC7-2528-A693-B182AFD55565}.Debug|Any CPU.ActiveCfg = Debug|Any CPU
		{AD3877A5-8CC7-2528-A693-B182AFD55565}.Debug|Any CPU.Build.0 = Debug|Any CPU
		{AD3877A5-8CC7-2528-A693-B182AFD55565}.Release|Any CPU.ActiveCfg = Release|Any CPU
		{AD3877A5-8CC7-2528-A693-B182AFD55565}.Release|Any CPU.Build.0 = Release|Any CPU
	EndGlobalSection
	GlobalSection(SolutionProperties) = preSolution
		HideSolutionNode = FALSE
	EndGlobalSection
	GlobalSection(MonoDevelopProperties) = preSolution
		StartupItem = Assembly-CSharp.csproj
	EndGlobalSection
EndGlobal
